
Microsoft Visual Studio Solution File, Format Version 12.00
# Visual Studio Version 17
VisualStudioVersion = 17.14.36804.6
MinimumVisualStudioVersion = 10.0.40219.1
Project("{FAE04EC0-301F-11D3-BF4B-00C04F79EFBC}") = "SpeedoMode", "SpeedoMode\SpeedoMode.csproj", "{94DE0C68-AD49-4163-A0ED-9065A488868A}"
EndProject
Global
	GlobalSection(SolutionConfigurationPlatforms) = preSolution
		Debug|Any CPU = Debug|Any CPU
		Release|Any CPU = Release|Any CPU
	EndGlobalSection
	GlobalSection(ProjectConfigurationPlatforms) = postSolution
		{94DE0C68-AD49-4163-A0ED-9065A488868A}.Debug|Any CPU.ActiveCfg = Debug|Any CPU
		{94DE0C68-AD49-4163-A0ED-9065A488868A}.Debug|Any CPU.Build.0 = Debug|Any CPU
		{94DE0C68-AD49-4163-A0ED-9065A488868A}.Release|Any CPU.ActiveCfg = Release|Any CPU
		{94DE0C68-AD49-4163-A0ED-9065A488868A}.Release|Any CPU.Build.0 = Release|Any CPU
	EndGlobalSection
	GlobalSection(SolutionProperties) = preSolution
		HideSolutionNode = FALSE
	EndGlobalSection
	GlobalSection(ExtensibilityGlobals) = postSolution
		SolutionGuid = {C258DE21-BBC5-4768-B219-34DB7B30C571}
	EndGlobalSection
EndGlobal
